
Microsoft Visual Studio Solution File, Format Version 12.00
# Blend for Visual Studio Version 16
VisualStudioVersion = 16.0.31911.196
MinimumVisualStudioVersion = 10.0.40219.1
Project("{FAE04EC0-301F-11D3-BF4B-00C04F79EFBC}") = "Homework_WpfApp16", "Homework_WpfApp16\Homework_WpfApp16.csproj", "{F3651953-863D-4CE5-96BE-610421545559}"
EndProject
Global
	GlobalSection(SolutionConfigurationPlatforms) = preSolution
		Debug|Any CPU = Debug|Any CPU
		Release|Any CPU = Release|Any CPU
	EndGlobalSection
	GlobalSection(ProjectConfigurationPlatforms) = postSolution
		{F3651953-863D-4CE5-96BE-610421545559}.Debug|Any CPU.ActiveCfg = Debug|Any CPU
		{F3651953-863D-4CE5-96BE-610421545559}.Debug|Any CPU.Build.0 = Debug|Any CPU
		{F3651953-863D-4CE5-96BE-610421545559}.Release|Any CPU.ActiveCfg = Release|Any CPU
		{F3651953-863D-4CE5-96BE-610421545559}.Release|Any CPU.Build.0 = Release|Any CPU
	EndGlobalSection
	GlobalSection(SolutionProperties) = preSolution
		HideSolutionNode = FALSE
	EndGlobalSection
	GlobalSection(ExtensibilityGlobals) = postSolution
		SolutionGuid = {016AB4D6-928E-474D-8745-F692235352C5}
	EndGlobalSection
EndGlobal
